version = 1
requires-python = ">=3.11.9, <3.12"

[[package]]
name = "boto3"
version = "1.36.2"
source = { registry = "https://pypi.org/simple" }
dependencies = [
    { name = "botocore" },
    { name = "jmespath" },
    { name = "s3transfer" },
]
sdist = { url = "https://files.pythonhosted.org/packages/3a/e9/c0b2fa75efc4007ea1af21bc2fcbedf6e545c517fb90904d7f59850e02bf/boto3-1.36.2.tar.gz", hash = "sha256:fde1c29996b77274a60b7bc9f741525afa6267bb1716eb644a764fb7c124a0d2", size = 110998 }
wheels = [
    { url = "https://files.pythonhosted.org/packages/17/c2/72a92794237b43f64141e156bc3a58bc36d18631f1a614e1e97a48b56447/boto3-1.36.2-py3-none-any.whl", hash = "sha256:76cfc9a705be46e8d22607efacc8d688c064f923d785a01c00b28e9a96425d1a", size = 139166 },
]

[[package]]
name = "botocore"
version = "1.36.2"
source = { registry = "https://pypi.org/simple" }
dependencies = [
    { name = "jmespath" },
    { name = "python-dateutil" },
    { name = "urllib3" },
]
sdist = { url = "https://files.pythonhosted.org/packages/c6/93/353b70cea6447e37789fc2d6f761fc12ae36fb4adb6f558055de8cdf655f/botocore-1.36.2.tar.gz", hash = "sha256:a1fe6610983f0214b0c7655fe6990b6a731746baf305b182976fc7b568fc3cb0", size = 13505440 }
wheels = [
    { url = "https://files.pythonhosted.org/packages/0c/fe/c066e8cb069027c12dbcf9066a7a4f3e9d2a31b10c7b174a8455ef1d0f46/botocore-1.36.2-py3-none-any.whl", hash = "sha256:bc3b7e3b573a48af2bd7116b80fe24f9a335b0b67314dcb2697a327d009abf29", size = 13302324 },
]

[[package]]
name = "ccaf"
version = "0.58.0.0"
source = { editable = "." }
dependencies = [
    { name = "boto3" },
    { name = "confluent-flink-table-api-python-plugin" },
]

[package.metadata]
requires-dist = [
    { name = "boto3", specifier = ">=1.36.2" },
    { name = "confluent-flink-table-api-python-plugin", specifier = ">=1.20.50" },
]

[[package]]
name = "certifi"
version = "2024.12.14"
source = { registry = "https://pypi.org/simple" }
sdist = { url = "https://files.pythonhosted.org/packages/0f/bd/1d41ee578ce09523c81a15426705dd20969f5abf006d1afe8aeff0dd776a/certifi-2024.12.14.tar.gz", hash = "sha256:b650d30f370c2b724812bee08008be0c4163b163ddaec3f2546c1caf65f191db", size = 166010 }
wheels = [
    { url = "https://files.pythonhosted.org/packages/a5/32/8f6669fc4798494966bf446c8c4a162e0b5d893dff088afddf76414f70e1/certifi-2024.12.14-py3-none-any.whl", hash = "sha256:1275f7a45be9464efc1173084eaa30f866fe2e47d389406136d332ed4967ec56", size = 164927 },
]

[[package]]
name = "charset-normalizer"
version = "3.4.1"
source = { registry = "https://pypi.org/simple" }
sdist = { url = "https://files.pythonhosted.org/packages/16/b0/572805e227f01586461c80e0fd25d65a2115599cc9dad142fee4b747c357/charset_normalizer-3.4.1.tar.gz", hash = "sha256:44251f18cd68a75b56585dd00dae26183e102cd5e0f9f1466e6df5da2ed64ea3", size = 123188 }
wheels = [
    { url = "https://files.pythonhosted.org/packages/72/80/41ef5d5a7935d2d3a773e3eaebf0a9350542f2cab4eac59a7a4741fbbbbe/charset_normalizer-3.4.1-cp311-cp311-macosx_10_9_universal2.whl", hash = "sha256:8bfa33f4f2672964266e940dd22a195989ba31669bd84629f05fab3ef4e2d125", size = 194995 },
    { url = "https://files.pythonhosted.org/packages/7a/28/0b9fefa7b8b080ec492110af6d88aa3dea91c464b17d53474b6e9ba5d2c5/charset_normalizer-3.4.1-cp311-cp311-manylinux_2_17_aarch64.manylinux2014_aarch64.whl", hash = "sha256:28bf57629c75e810b6ae989f03c0828d64d6b26a5e205535585f96093e405ed1", size = 139471 },
    { url = "https://files.pythonhosted.org/packages/71/64/d24ab1a997efb06402e3fc07317e94da358e2585165930d9d59ad45fcae2/charset_normalizer-3.4.1-cp311-cp311-manylinux_2_17_ppc64le.manylinux2014_ppc64le.whl", hash = "sha256:f08ff5e948271dc7e18a35641d2f11a4cd8dfd5634f55228b691e62b37125eb3", size = 149831 },
    { url = "https://files.pythonhosted.org/packages/37/ed/be39e5258e198655240db5e19e0b11379163ad7070962d6b0c87ed2c4d39/charset_normalizer-3.4.1-cp311-cp311-manylinux_2_17_s390x.manylinux2014_s390x.whl", hash = "sha256:234ac59ea147c59ee4da87a0c0f098e9c8d169f4dc2a159ef720f1a61bbe27cd", size = 142335 },
    { url = "https://files.pythonhosted.org/packages/88/83/489e9504711fa05d8dde1574996408026bdbdbd938f23be67deebb5eca92/charset_normalizer-3.4.1-cp311-cp311-manylinux_2_17_x86_64.manylinux2014_x86_64.whl", hash = "sha256:fd4ec41f914fa74ad1b8304bbc634b3de73d2a0889bd32076342a573e0779e00", size = 143862 },
    { url = "https://files.pythonhosted.org/packages/c6/c7/32da20821cf387b759ad24627a9aca289d2822de929b8a41b6241767b461/charset_normalizer-3.4.1-cp311-cp311-manylinux_2_5_i686.manylinux1_i686.manylinux_2_17_i686.manylinux2014_i686.whl", hash = "sha256:eea6ee1db730b3483adf394ea72f808b6e18cf3cb6454b4d86e04fa8c4327a12", size = 145673 },
    { url = "https://files.pythonhosted.org/packages/68/85/f4288e96039abdd5aeb5c546fa20a37b50da71b5cf01e75e87f16cd43304/charset_normalizer-3.4.1-cp311-cp311-musllinux_1_2_aarch64.whl", hash = "sha256:c96836c97b1238e9c9e3fe90844c947d5afbf4f4c92762679acfe19927d81d77", size = 140211 },
    { url = "https://files.pythonhosted.org/packages/28/a3/a42e70d03cbdabc18997baf4f0227c73591a08041c149e710045c281f97b/charset_normalizer-3.4.1-cp311-cp311-musllinux_1_2_i686.whl", hash = "sha256:4d86f7aff21ee58f26dcf5ae81a9addbd914115cdebcbb2217e4f0ed8982e146", size = 148039 },
    { url = "https://files.pythonhosted.org/packages/85/e4/65699e8ab3014ecbe6f5c71d1a55d810fb716bbfd74f6283d5c2aa87febf/charset_normalizer-3.4.1-cp311-cp311-musllinux_1_2_ppc64le.whl", hash = "sha256:09b5e6733cbd160dcc09589227187e242a30a49ca5cefa5a7edd3f9d19ed53fd", size = 151939 },
    { url = "https://files.pythonhosted.org/packages/b1/82/8e9fe624cc5374193de6860aba3ea8070f584c8565ee77c168ec13274bd2/charset_normalizer-3.4.1-cp311-cp311-musllinux_1_2_s390x.whl", hash = "sha256:5777ee0881f9499ed0f71cc82cf873d9a0ca8af166dfa0af8ec4e675b7df48e6", size = 149075 },
    { url = "https://files.pythonhosted.org/packages/3d/7b/82865ba54c765560c8433f65e8acb9217cb839a9e32b42af4aa8e945870f/charset_normalizer-3.4.1-cp311-cp311-musllinux_1_2_x86_64.whl", hash = "sha256:237bdbe6159cff53b4f24f397d43c6336c6b0b42affbe857970cefbb620911c8", size = 144340 },
    { url = "https://files.pythonhosted.org/packages/b5/b6/9674a4b7d4d99a0d2df9b215da766ee682718f88055751e1e5e753c82db0/charset_normalizer-3.4.1-cp311-cp311-win32.whl", hash = "sha256:8417cb1f36cc0bc7eaba8ccb0e04d55f0ee52df06df3ad55259b9a323555fc8b", size = 95205 },
    { url = "https://files.pythonhosted.org/packages/1e/ab/45b180e175de4402dcf7547e4fb617283bae54ce35c27930a6f35b6bef15/charset_normalizer-3.4.1-cp311-cp311-win_amd64.whl", hash = "sha256:d7f50a1f8c450f3925cb367d011448c39239bb3eb4117c36a6d354794de4ce76", size = 102441 },
    { url = "https://files.pythonhosted.org/packages/0e/f6/65ecc6878a89bb1c23a086ea335ad4bf21a588990c3f535a227b9eea9108/charset_normalizer-3.4.1-py3-none-any.whl", hash = "sha256:d98b1668f06378c6dbefec3b92299716b931cd4e6061f3c875a71ced1780ab85", size = 49767 },
]

[[package]]
name = "cloudpickle"
version = "3.1.1"
source = { registry = "https://pypi.org/simple" }
sdist = { url = "https://files.pythonhosted.org/packages/52/39/069100b84d7418bc358d81669d5748efb14b9cceacd2f9c75f550424132f/cloudpickle-3.1.1.tar.gz", hash = "sha256:b216fa8ae4019d5482a8ac3c95d8f6346115d8835911fd4aefd1a445e4242c64", size = 22113 }
wheels = [
    { url = "https://files.pythonhosted.org/packages/7e/e8/64c37fadfc2816a7701fa8a6ed8d87327c7d54eacfbfb6edab14a2f2be75/cloudpickle-3.1.1-py3-none-any.whl", hash = "sha256:c8c5a44295039331ee9dad40ba100a9c7297b6f988e50e87ccdf3765a668350e", size = 20992 },
]

[[package]]
name = "confluent-flink-jars"
version = "1.20.50"
source = { registry = "https://pypi.org/simple" }
sdist = { url = "https://files.pythonhosted.org/packages/bc/42/729b4d5ea00a9a800177e94957f43918a3b7499664eccacfc376a40830f5/confluent_flink_jars-1.20.50.tar.gz", hash = "sha256:35aac175e21475bf34d8ebc8b0851b5b38cd6a2b1cad919f52ed88f80b575dda", size = 60152975 }

[[package]]
name = "confluent-flink-table-api-python-plugin"
version = "1.20.50"
source = { registry = "https://pypi.org/simple" }
dependencies = [
    { name = "cloudpickle" },
    { name = "confluent-flink-jars" },
    { name = "httplib2" },
    { name = "pemja", marker = "platform_system != 'Windows'" },
    { name = "py4j" },
    { name = "python-dateutil" },
    { name = "pytz" },
    { name = "requests" },
    { name = "ruamel-yaml" },
]
sdist = { url = "https://files.pythonhosted.org/packages/2a/03/4efa64e904c3cc8effe7be88ca7dad054805159190a0c6e98cd320a6bad7/confluent_flink_table_api_python_plugin-1.20.50.tar.gz", hash = "sha256:3b4c51d1d974549542775482ebb32c1b16a05bc362f9217712e438fc8844c030", size = 304627 }
wheels = [
    { url = "https://files.pythonhosted.org/packages/7b/41/c8b2df82f9de8a3833e5a515edf98942977a9534568e5d98229555b86d1e/confluent_flink_table_api_python_plugin-1.20.50-py2.py3-none-any.whl", hash = "sha256:155ffc57a1ce80bd96cd4115140a97af67ead6d2f9b51f272cd1d5914d50c0ad", size = 382365 },
]

[[package]]
name = "find-libpython"
version = "0.4.0"
source = { registry = "https://pypi.org/simple" }
sdist = { url = "https://files.pythonhosted.org/packages/db/86/b1d3a9c49d907cac74f9d8bcead2c8e807a878c0e218d8ef1d38e6a4f59a/find_libpython-0.4.0.tar.gz", hash = "sha256:46f9cdcd397ddb563b2d7592ded3796a41c1df5222443bd9d981721c906c03e6", size = 8979 }
wheels = [
    { url = "https://files.pythonhosted.org/packages/1d/89/6b4624122d5c61a86e8aebcebd377866338b705ce4f115c45b046dc09b99/find_libpython-0.4.0-py3-none-any.whl", hash = "sha256:034a4253bd57da3408aefc59aeac1650150f6c1f42e10fdd31615cf1df0842e3", size = 8670 },
]

[[package]]
name = "httplib2"
version = "0.22.0"
source = { registry = "https://pypi.org/simple" }
dependencies = [
    { name = "pyparsing" },
]
sdist = { url = "https://files.pythonhosted.org/packages/3d/ad/2371116b22d616c194aa25ec410c9c6c37f23599dcd590502b74db197584/httplib2-0.22.0.tar.gz", hash = "sha256:d7a10bc5ef5ab08322488bde8c726eeee5c8618723fdb399597ec58f3d82df81", size = 351116 }
wheels = [
    { url = "https://files.pythonhosted.org/packages/a8/6c/d2fbdaaa5959339d53ba38e94c123e4e84b8fbc4b84beb0e70d7c1608486/httplib2-0.22.0-py3-none-any.whl", hash = "sha256:14ae0a53c1ba8f3d37e9e27cf37eabb0fb9980f435ba405d546948b009dd64dc", size = 96854 },
]

[[package]]
name = "idna"
version = "3.10"
source = { registry = "https://pypi.org/simple" }
sdist = { url = "https://files.pythonhosted.org/packages/f1/70/7703c29685631f5a7590aa73f1f1d3fa9a380e654b86af429e0934a32f7d/idna-3.10.tar.gz", hash = "sha256:12f65c9b470abda6dc35cf8e63cc574b1c52b11df2c86030af0ac09b01b13ea9", size = 190490 }
wheels = [
    { url = "https://files.pythonhosted.org/packages/76/c6/c88e154df9c4e1a2a66ccf0005a88dfb2650c1dffb6f5ce603dfbd452ce3/idna-3.10-py3-none-any.whl", hash = "sha256:946d195a0d259cbba61165e88e65941f16e9b36ea6ddb97f00452bae8b1287d3", size = 70442 },
]

[[package]]
name = "jmespath"
version = "1.0.1"
source = { registry = "https://pypi.org/simple" }
sdist = { url = "https://files.pythonhosted.org/packages/00/2a/e867e8531cf3e36b41201936b7fa7ba7b5702dbef42922193f05c8976cd6/jmespath-1.0.1.tar.gz", hash = "sha256:90261b206d6defd58fdd5e85f478bf633a2901798906be2ad389150c5c60edbe", size = 25843 }
wheels = [
    { url = "https://files.pythonhosted.org/packages/31/b4/b9b800c45527aadd64d5b442f9b932b00648617eb5d63d2c7a6587b7cafc/jmespath-1.0.1-py3-none-any.whl", hash = "sha256:02e2e4cc71b5bcab88332eebf907519190dd9e6e82107fa7f83b1003a6252980", size = 20256 },
]

[[package]]
name = "pemja"
version = "0.4.1"
source = { registry = "https://pypi.org/simple" }
dependencies = [
    { name = "find-libpython" },
]
sdist = { url = "https://files.pythonhosted.org/packages/90/2b/2ca14e70edd1c8bb38fcef6c6902d08702fa9a3a1e60da81b1a9cb22a200/pemja-0.4.1.tar.gz", hash = "sha256:38b0466ba48822cd9fa65bf8465c45474bf3f048d6458388e0bf895904258e8c", size = 50674 }
wheels = [
    { url = "https://files.pythonhosted.org/packages/c2/71/00185346edecf9bb12e652e9c78ec61bd9d1879c58f0afb6e34e3d21089a/pemja-0.4.1-cp311-cp311-macosx_10_9_x86_64.whl", hash = "sha256:8b552ad0982f474eb40c5f9146a32aef1e2a0cf97341ab7620c91cd56cda3536", size = 52809 },
    { url = "https://files.pythonhosted.org/packages/fb/70/01c8b19834b4620ce6a75288904a0a8717e6fecd3276ffc342448c0ea09a/pemja-0.4.1-cp311-cp311-macosx_11_0_arm64.whl", hash = "sha256:ec20f1038da8925f7720961cfc9f7c41a5194fb835fb0b2e71d8c9d0f496b524", size = 53376 },
    { url = "https://files.pythonhosted.org/packages/ac/08/18720708251bc2c3f1cf0128a8c66bb1113b6a024ead135f72350c148bec/pemja-0.4.1-cp311-cp311-manylinux1_x86_64.whl", hash = "sha256:78a4fa07bacc1b30b3acb88608e0622395cd8a34144dfe455ec8788e32fe3ca1", size = 63556 },
]

[[package]]
name = "py4j"
version = "0.10.9.7"
source = { registry = "https://pypi.org/simple" }
sdist = { url = "https://files.pythonhosted.org/packages/1e/f2/b34255180c72c36ff7097f7c2cdca02abcbd89f5eebf7c7c41262a9a0637/py4j-0.10.9.7.tar.gz", hash = "sha256:0b6e5315bb3ada5cf62ac651d107bb2ebc02def3dee9d9548e3baac644ea8dbb", size = 1508234 }
wheels = [
    { url = "https://files.pythonhosted.org/packages/10/30/a58b32568f1623aaad7db22aa9eafc4c6c194b429ff35bdc55ca2726da47/py4j-0.10.9.7-py2.py3-none-any.whl", hash = "sha256:85defdfd2b2376eb3abf5ca6474b51ab7e0de341c75a02f46dc9b5976f5a5c1b", size = 200481 },
]

[[package]]
name = "pyparsing"
version = "3.2.1"
source = { registry = "https://pypi.org/simple" }
sdist = { url = "https://files.pythonhosted.org/packages/8b/1a/3544f4f299a47911c2ab3710f534e52fea62a633c96806995da5d25be4b2/pyparsing-3.2.1.tar.gz", hash = "sha256:61980854fd66de3a90028d679a954d5f2623e83144b5afe5ee86f43d762e5f0a", size = 1067694 }
wheels = [
    { url = "https://files.pythonhosted.org/packages/1c/a7/c8a2d361bf89c0d9577c934ebb7421b25dc84bf3a8e3ac0a40aed9acc547/pyparsing-3.2.1-py3-none-any.whl", hash = "sha256:506ff4f4386c4cec0590ec19e6302d3aedb992fdc02c761e90416f158dacf8e1", size = 107716 },
]

[[package]]
name = "python-dateutil"
version = "2.9.0.post0"
source = { registry = "https://pypi.org/simple" }
dependencies = [
    { name = "six" },
]
sdist = { url = "https://files.pythonhosted.org/packages/66/c0/0c8b6ad9f17a802ee498c46e004a0eb49bc148f2fd230864601a86dcf6db/python-dateutil-2.9.0.post0.tar.gz", hash = "sha256:37dd54208da7e1cd875388217d5e00ebd4179249f90fb72437e91a35459a0ad3", size = 342432 }
wheels = [
    { url = "https://files.pythonhosted.org/packages/ec/57/56b9bcc3c9c6a792fcbaf139543cee77261f3651ca9da0c93f5c1221264b/python_dateutil-2.9.0.post0-py2.py3-none-any.whl", hash = "sha256:a8b2bc7bffae282281c8140a97d3aa9c14da0b136dfe83f850eea9a5f7470427", size = 229892 },
]

[[package]]
name = "pytz"
version = "2024.2"
source = { registry = "https://pypi.org/simple" }
sdist = { url = "https://files.pythonhosted.org/packages/3a/31/3c70bf7603cc2dca0f19bdc53b4537a797747a58875b552c8c413d963a3f/pytz-2024.2.tar.gz", hash = "sha256:2aa355083c50a0f93fa581709deac0c9ad65cca8a9e9beac660adcbd493c798a", size = 319692 }
wheels = [
    { url = "https://files.pythonhosted.org/packages/11/c3/005fcca25ce078d2cc29fd559379817424e94885510568bc1bc53d7d5846/pytz-2024.2-py2.py3-none-any.whl", hash = "sha256:31c7c1817eb7fae7ca4b8c7ee50c72f93aa2dd863de768e1ef4245d426aa0725", size = 508002 },
]

[[package]]
name = "requests"
version = "2.32.3"
source = { registry = "https://pypi.org/simple" }
dependencies = [
    { name = "certifi" },
    { name = "charset-normalizer" },
    { name = "idna" },
    { name = "urllib3" },
]
sdist = { url = "https://files.pythonhosted.org/packages/63/70/2bf7780ad2d390a8d301ad0b550f1581eadbd9a20f896afe06353c2a2913/requests-2.32.3.tar.gz", hash = "sha256:55365417734eb18255590a9ff9eb97e9e1da868d4ccd6402399eaf68af20a760", size = 131218 }
wheels = [
    { url = "https://files.pythonhosted.org/packages/f9/9b/335f9764261e915ed497fcdeb11df5dfd6f7bf257d4a6a2a686d80da4d54/requests-2.32.3-py3-none-any.whl", hash = "sha256:70761cfe03c773ceb22aa2f671b4757976145175cdfca038c02654d061d6dcc6", size = 64928 },
]

[[package]]
name = "ruamel-yaml"
version = "0.18.10"
source = { registry = "https://pypi.org/simple" }
dependencies = [
    { name = "ruamel-yaml-clib", marker = "platform_python_implementation == 'CPython'" },
]
sdist = { url = "https://files.pythonhosted.org/packages/ea/46/f44d8be06b85bc7c4d8c95d658be2b68f27711f279bf9dd0612a5e4794f5/ruamel.yaml-0.18.10.tar.gz", hash = "sha256:20c86ab29ac2153f80a428e1254a8adf686d3383df04490514ca3b79a362db58", size = 143447 }
wheels = [
    { url = "https://files.pythonhosted.org/packages/c2/36/dfc1ebc0081e6d39924a2cc53654497f967a084a436bb64402dfce4254d9/ruamel.yaml-0.18.10-py3-none-any.whl", hash = "sha256:30f22513ab2301b3d2b577adc121c6471f28734d3d9728581245f1e76468b4f1", size = 117729 },
]

[[package]]
name = "ruamel-yaml-clib"
version = "0.2.12"
source = { registry = "https://pypi.org/simple" }
sdist = { url = "https://files.pythonhosted.org/packages/20/84/80203abff8ea4993a87d823a5f632e4d92831ef75d404c9fc78d0176d2b5/ruamel.yaml.clib-0.2.12.tar.gz", hash = "sha256:6c8fbb13ec503f99a91901ab46e0b07ae7941cd527393187039aec586fdfd36f", size = 225315 }
wheels = [
    { url = "https://files.pythonhosted.org/packages/fb/8f/683c6ad562f558cbc4f7c029abcd9599148c51c54b5ef0f24f2638da9fbb/ruamel.yaml.clib-0.2.12-cp311-cp311-macosx_13_0_arm64.whl", hash = "sha256:4a6679521a58256a90b0d89e03992c15144c5f3858f40d7c18886023d7943db6", size = 132224 },
    { url = "https://files.pythonhosted.org/packages/3c/d2/b79b7d695e2f21da020bd44c782490578f300dd44f0a4c57a92575758a76/ruamel.yaml.clib-0.2.12-cp311-cp311-manylinux2014_aarch64.whl", hash = "sha256:d84318609196d6bd6da0edfa25cedfbabd8dbde5140a0a23af29ad4b8f91fb1e", size = 641480 },
    { url = "https://files.pythonhosted.org/packages/68/6e/264c50ce2a31473a9fdbf4fa66ca9b2b17c7455b31ef585462343818bd6c/ruamel.yaml.clib-0.2.12-cp311-cp311-manylinux_2_17_x86_64.manylinux2014_x86_64.whl", hash = "sha256:bb43a269eb827806502c7c8efb7ae7e9e9d0573257a46e8e952f4d4caba4f31e", size = 739068 },
    { url = "https://files.pythonhosted.org/packages/86/29/88c2567bc893c84d88b4c48027367c3562ae69121d568e8a3f3a8d363f4d/ruamel.yaml.clib-0.2.12-cp311-cp311-manylinux_2_5_i686.manylinux1_i686.manylinux_2_17_i686.manylinux2014_i686.whl", hash = "sha256:811ea1594b8a0fb466172c384267a4e5e367298af6b228931f273b111f17ef52", size = 703012 },
    { url = "https://files.pythonhosted.org/packages/11/46/879763c619b5470820f0cd6ca97d134771e502776bc2b844d2adb6e37753/ruamel.yaml.clib-0.2.12-cp311-cp311-musllinux_1_1_i686.whl", hash = "sha256:cf12567a7b565cbf65d438dec6cfbe2917d3c1bdddfce84a9930b7d35ea59642", size = 704352 },
    { url = "https://files.pythonhosted.org/packages/02/80/ece7e6034256a4186bbe50dee28cd032d816974941a6abf6a9d65e4228a7/ruamel.yaml.clib-0.2.12-cp311-cp311-musllinux_1_1_x86_64.whl", hash = "sha256:7dd5adc8b930b12c8fc5b99e2d535a09889941aa0d0bd06f4749e9a9397c71d2", size = 737344 },
    { url = "https://files.pythonhosted.org/packages/f0/ca/e4106ac7e80efbabdf4bf91d3d32fc424e41418458251712f5672eada9ce/ruamel.yaml.clib-0.2.12-cp311-cp311-musllinux_1_2_aarch64.whl", hash = "sha256:1492a6051dab8d912fc2adeef0e8c72216b24d57bd896ea607cb90bb0c4981d3", size = 714498 },
    { url = "https://files.pythonhosted.org/packages/67/58/b1f60a1d591b771298ffa0428237afb092c7f29ae23bad93420b1eb10703/ruamel.yaml.clib-0.2.12-cp311-cp311-win32.whl", hash = "sha256:bd0a08f0bab19093c54e18a14a10b4322e1eacc5217056f3c063bd2f59853ce4", size = 100205 },
    { url = "https://files.pythonhosted.org/packages/b4/4f/b52f634c9548a9291a70dfce26ca7ebce388235c93588a1068028ea23fcc/ruamel.yaml.clib-0.2.12-cp311-cp311-win_amd64.whl", hash = "sha256:a274fb2cb086c7a3dea4322ec27f4cb5cc4b6298adb583ab0e211a4682f241eb", size = 118185 },
]

[[package]]
name = "s3transfer"
version = "0.11.1"
source = { registry = "https://pypi.org/simple" }
dependencies = [
    { name = "botocore" },
]
sdist = { url = "https://files.pythonhosted.org/packages/1a/aa/fdd958c626b00e3f046d4004363e7f1a2aba4354f78d65ceb3b217fa5eb8/s3transfer-0.11.1.tar.gz", hash = "sha256:3f25c900a367c8b7f7d8f9c34edc87e300bde424f779dc9f0a8ae4f9df9264f6", size = 146952 }
wheels = [
    { url = "https://files.pythonhosted.org/packages/5f/ce/22673f4a85ccc640735b4f8d12178a0f41b5d3c6eda7f33756d10ce56901/s3transfer-0.11.1-py3-none-any.whl", hash = "sha256:8fa0aa48177be1f3425176dfe1ab85dcd3d962df603c3dbfc585e6bf857ef0ff", size = 84111 },
]

[[package]]
name = "six"
version = "1.17.0"
source = { registry = "https://pypi.org/simple" }
sdist = { url = "https://files.pythonhosted.org/packages/94/e7/b2c673351809dca68a0e064b6af791aa332cf192da575fd474ed7d6f16a2/six-1.17.0.tar.gz", hash = "sha256:ff70335d468e7eb6ec65b95b99d3a2836546063f63acc5171de367e834932a81", size = 34031 }
wheels = [
    { url = "https://files.pythonhosted.org/packages/b7/ce/149a00dd41f10bc29e5921b496af8b574d8413afcd5e30dfa0ed46c2cc5e/six-1.17.0-py2.py3-none-any.whl", hash = "sha256:4721f391ed90541fddacab5acf947aa0d3dc7d27b2e1e8eda2be8970586c3274", size = 11050 },
]

[[package]]
name = "urllib3"
version = "2.3.0"
source = { registry = "https://pypi.org/simple" }
sdist = { url = "https://files.pythonhosted.org/packages/aa/63/e53da845320b757bf29ef6a9062f5c669fe997973f966045cb019c3f4b66/urllib3-2.3.0.tar.gz", hash = "sha256:f8c5449b3cf0861679ce7e0503c7b44b5ec981bec0d1d3795a07f1ba96f0204d", size = 307268 }
wheels = [
    { url = "https://files.pythonhosted.org/packages/c8/19/4ec628951a74043532ca2cf5d97b7b14863931476d117c471e8e2b1eb39f/urllib3-2.3.0-py3-none-any.whl", hash = "sha256:1cee9ad369867bfdbbb48b7dd50374c0967a0bb7710050facf0dd6911440e3df", size = 128369 },
]
